
Microsoft Visual Studio Solution File, Format Version 12.00
# Visual Studio Version 16
VisualStudioVersion = 16.0.30128.74
MinimumVisualStudioVersion = 10.0.40219.1
Project("{FAE04EC0-301F-11D3-BF4B-00C04F79EFBC}") = "KarateChopKataTests", "KarateChopKataTests\KarateChopKataTests.csproj", "{B68ED2AD-F81F-41CB-BE76-B6F6AB63A376}"
EndProject
Project("{FAE04EC0-301F-11D3-BF4B-00C04F79EFBC}") = "KarateChopKata", "..\KarateChopKata\KarateChopKata.csproj", "{DEBB5BC2-28A5-4F2D-BC76-40E0C99FD20F}"
EndProject
Global
	GlobalSection(SolutionConfigurationPlatforms) = preSolution
		Debug|Any CPU = Debug|Any CPU
		Release|Any CPU = Release|Any CPU
	EndGlobalSection
	GlobalSection(ProjectConfigurationPlatforms) = postSolution
		{B68ED2AD-F81F-41CB-BE76-B6F6AB63A376}.Debug|Any CPU.ActiveCfg = Debug|Any CPU
		{B68ED2AD-F81F-41CB-BE76-B6F6AB63A376}.Debug|Any CPU.Build.0 = Debug|Any CPU
		{B68ED2AD-F81F-41CB-BE76-B6F6AB63A376}.Release|Any CPU.ActiveCfg = Release|Any CPU
		{B68ED2AD-F81F-41CB-BE76-B6F6AB63A376}.Release|Any CPU.Build.0 = Release|Any CPU
		{DEBB5BC2-28A5-4F2D-BC76-40E0C99FD20F}.Debug|Any CPU.ActiveCfg = Debug|Any CPU
		{DEBB5BC2-28A5-4F2D-BC76-40E0C99FD20F}.Debug|Any CPU.Build.0 = Debug|Any CPU
		{DEBB5BC2-28A5-4F2D-BC76-40E0C99FD20F}.Release|Any CPU.ActiveCfg = Release|Any CPU
		{DEBB5BC2-28A5-4F2D-BC76-40E0C99FD20F}.Release|Any CPU.Build.0 = Release|Any CPU
	EndGlobalSection
	GlobalSection(SolutionProperties) = preSolution
		HideSolutionNode = FALSE
	EndGlobalSection
	GlobalSection(ExtensibilityGlobals) = postSolution
		SolutionGuid = {6273E9A8-0FD7-4949-8B7F-99374EF49A5D}
	EndGlobalSection
EndGlobal
